
Microsoft Visual Studio Solution File, Format Version 12.00
# Visual Studio Version 16
VisualStudioVersion = 16.0.30804.86
MinimumVisualStudioVersion = 10.0.40219.1
Project("{9A19103F-16F7-4668-BE54-9A1E7A4F7556}") = "Funda.Api", "Funda.Api\Funda.Api.csproj", "{513D4B99-F4F9-4167-ACBC-6D96E751F24B}"
EndProject
Project("{9A19103F-16F7-4668-BE54-9A1E7A4F7556}") = "Funda.Domain", "Funda.Domain\Funda.Domain.csproj", "{0303E900-0148-4C23-B9F3-1B6A34C77079}"
EndProject
Project("{9A19103F-16F7-4668-BE54-9A1E7A4F7556}") = "Funda.Domain.Common", "Funda.Domain.Common\Funda.Domain.Common.csproj", "{95E4E881-FDE3-4102-85F2-049152FB204D}"
EndProject
Project("{9A19103F-16F7-4668-BE54-9A1E7A4F7556}") = "Funda.Domain.Services", "Funda.Domain.Services\Funda.Domain.Services.csproj", "{BFA9EF7A-C9F4-4E27-896C-61308839269F}"
EndProject
Project("{2150E333-8FDC-42A3-9474-1A3956D46DE8}") = "Tests", "Tests", "{67540545-42D3-4FFE-A916-394F1CEDDD1D}"
EndProject
Project("{9A19103F-16F7-4668-BE54-9A1E7A4F7556}") = "Funda.Domain.Tests", "Funda.Domain.Tests\Funda.Domain.Tests.csproj", "{7370369D-1BB3-4A00-B8B9-4866FF2EBDDD}"
EndProject
Project("{2150E333-8FDC-42A3-9474-1A3956D46DE8}") = "Docs", "Docs", "{5A0B8441-6BD8-4C30-8C2A-D2602F173C34}"
	ProjectSection(SolutionItems) = preProject
		readme.md = readme.md
	EndProjectSection
EndProject
Project("{2150E333-8FDC-42A3-9474-1A3956D46DE8}") = "screenshots", "screenshots", "{453299F2-B8A6-4A08-89EB-A63DD5A2618D}"
	ProjectSection(SolutionItems) = preProject
		..\..\..\Desktop\insurance\screenshots\1.PNG = ..\..\..\Desktop\insurance\screenshots\1.PNG
		..\..\..\Desktop\insurance\screenshots\2.PNG = ..\..\..\Desktop\insurance\screenshots\2.PNG
		..\..\..\Desktop\insurance\screenshots\3.PNG = ..\..\..\Desktop\insurance\screenshots\3.PNG
	EndProjectSection
EndProject
Global
	GlobalSection(SolutionConfigurationPlatforms) = preSolution
		Debug|Any CPU = Debug|Any CPU
		Release|Any CPU = Release|Any CPU
	EndGlobalSection
	GlobalSection(ProjectConfigurationPlatforms) = postSolution
		{513D4B99-F4F9-4167-ACBC-6D96E751F24B}.Debug|Any CPU.ActiveCfg = Debug|Any CPU
		{513D4B99-F4F9-4167-ACBC-6D96E751F24B}.Debug|Any CPU.Build.0 = Debug|Any CPU
		{513D4B99-F4F9-4167-ACBC-6D96E751F24B}.Release|Any CPU.ActiveCfg = Release|Any CPU
		{513D4B99-F4F9-4167-ACBC-6D96E751F24B}.Release|Any CPU.Build.0 = Release|Any CPU
		{0303E900-0148-4C23-B9F3-1B6A34C77079}.Debug|Any CPU.ActiveCfg = Debug|Any CPU
		{0303E900-0148-4C23-B9F3-1B6A34C77079}.Debug|Any CPU.Build.0 = Debug|Any CPU
		{0303E900-0148-4C23-B9F3-1B6A34C77079}.Release|Any CPU.ActiveCfg = Release|Any CPU
		{0303E900-0148-4C23-B9F3-1B6A34C77079}.Release|Any CPU.Build.0 = Release|Any CPU
		{95E4E881-FDE3-4102-85F2-049152FB204D}.Debug|Any CPU.ActiveCfg = Debug|Any CPU
		{95E4E881-FDE3-4102-85F2-049152FB204D}.Debug|Any CPU.Build.0 = Debug|Any CPU
		{95E4E881-FDE3-4102-85F2-049152FB204D}.Release|Any CPU.ActiveCfg = Release|Any CPU
		{95E4E881-FDE3-4102-85F2-049152FB204D}.Release|Any CPU.Build.0 = Release|Any CPU
		{BFA9EF7A-C9F4-4E27-896C-61308839269F}.Debug|Any CPU.ActiveCfg = Debug|Any CPU
		{BFA9EF7A-C9F4-4E27-896C-61308839269F}.Debug|Any CPU.Build.0 = Debug|Any CPU
		{BFA9EF7A-C9F4-4E27-896C-61308839269F}.Release|Any CPU.ActiveCfg = Release|Any CPU
		{BFA9EF7A-C9F4-4E27-896C-61308839269F}.Release|Any CPU.Build.0 = Release|Any CPU
		{7370369D-1BB3-4A00-B8B9-4866FF2EBDDD}.Debug|Any CPU.ActiveCfg = Debug|Any CPU
		{7370369D-1BB3-4A00-B8B9-4866FF2EBDDD}.Debug|Any CPU.Build.0 = Debug|Any CPU
		{7370369D-1BB3-4A00-B8B9-4866FF2EBDDD}.Release|Any CPU.ActiveCfg = Release|Any CPU
		{7370369D-1BB3-4A00-B8B9-4866FF2EBDDD}.Release|Any CPU.Build.0 = Release|Any CPU
	EndGlobalSection
	GlobalSection(SolutionProperties) = preSolution
		HideSolutionNode = FALSE
	EndGlobalSection
	GlobalSection(NestedProjects) = preSolution
		{7370369D-1BB3-4A00-B8B9-4866FF2EBDDD} = {67540545-42D3-4FFE-A916-394F1CEDDD1D}
		{453299F2-B8A6-4A08-89EB-A63DD5A2618D} = {5A0B8441-6BD8-4C30-8C2A-D2602F173C34}
	EndGlobalSection
	GlobalSection(ExtensibilityGlobals) = postSolution
		SolutionGuid = {0EE1E112-0A3A-4A44-A76D-17CA2FDF2E10}
	EndGlobalSection
EndGlobal
